
Microsoft Visual Studio Solution File, Format Version 12.00
# Visual Studio Version 17
VisualStudioVersion = 17.11.35431.28
MinimumVisualStudioVersion = 10.0.40219.1
Project("{9A19103F-16F7-4668-BE54-9A1E7A4F7556}") = "LB 2", "LB 2\LB 2.csproj", "{722A70C9-CAB9-4464-AB67-17422064687C}"
EndProject
Global
	GlobalSection(SolutionConfigurationPlatforms) = preSolution
		Debug|Any CPU = Debug|Any CPU
		Release|Any CPU = Release|Any CPU
	EndGlobalSection
	GlobalSection(ProjectConfigurationPlatforms) = postSolution
		{722A70C9-CAB9-4464-AB67-17422064687C}.Debug|Any CPU.ActiveCfg = Debug|Any CPU
		{722A70C9-CAB9-4464-AB67-17422064687C}.Debug|Any CPU.Build.0 = Debug|Any CPU
		{722A70C9-CAB9-4464-AB67-17422064687C}.Release|Any CPU.ActiveCfg = Release|Any CPU
		{722A70C9-CAB9-4464-AB67-17422064687C}.Release|Any CPU.Build.0 = Release|Any CPU
	EndGlobalSection
	GlobalSection(SolutionProperties) = preSolution
		HideSolutionNode = FALSE
	EndGlobalSection
	GlobalSection(ExtensibilityGlobals) = postSolution
		SolutionGuid = {CD981C0B-BCA5-4417-8C57-E51D072C327C}
	EndGlobalSection
EndGlobal
